
Microsoft Visual Studio Solution File, Format Version 12.00
# Visual Studio Version 18
VisualStudioVersion = 18.1.11312.151
MinimumVisualStudioVersion = 10.0.40219.1
Project("{FAE04EC0-301F-11D3-BF4B-00C04F79EFBC}") = "dnaborshchikova_github.Bea.Collector.App", "dnaborshchikova_github.Bea.Collector\dnaborshchikova_github.Bea.Collector.App.csproj", "{AC5416B8-F8BB-43D7-998E-566AB20FE6F8}"
EndProject
Project("{FAE04EC0-301F-11D3-BF4B-00C04F79EFBC}") = "dnaborshchikova_github.Bea.Generator", "dnaborshchikova_github.Bea.Collector.Generator\dnaborshchikova_github.Bea.Generator.csproj", "{BECA5676-BBEB-4B68-8703-64356D8CCF3D}"
EndProject
Project("{FAE04EC0-301F-11D3-BF4B-00C04F79EFBC}") = "dnaborshchikova_github.Bea.Collector.Parser", "dnaborshchikova_github.Bea.Collector.Parser\dnaborshchikova_github.Bea.Collector.Parser.csproj", "{9509401A-4F64-4FD6-9DA3-3B96CDBC53AB}"
EndProject
Project("{FAE04EC0-301F-11D3-BF4B-00C04F79EFBC}") = "dnaborshchikova_github.Bea.Collector.Sender", "dnaborshchikova_github.Bea.Collector.Sender\dnaborshchikova_github.Bea.Collector.Sender.csproj", "{A08FDA50-D064-467A-B995-2A539810A0CE}"
EndProject
Project("{FAE04EC0-301F-11D3-BF4B-00C04F79EFBC}") = "dnaborshchikova_github.Bea.Collector.Processor", "dnaborshchikova_github.Bea.Collector.Processor\dnaborshchikova_github.Bea.Collector.Processor.csproj", "{784F0ED5-D0AB-4A50-9D26-99EFB8F06925}"
EndProject
Project("{FAE04EC0-301F-11D3-BF4B-00C04F79EFBC}") = "dnaborshchikova_github.Bea.Collector.Core", "dnaborshchikova_github.Bea.Collector.Core\dnaborshchikova_github.Bea.Collector.Core.csproj", "{3D3CA43F-25C2-48A5-A969-DE6AE4E1388F}"
EndProject
Project("{FAE04EC0-301F-11D3-BF4B-00C04F79EFBC}") = "dnaborshchikova_github.Bea.Collector.Tests", "dnaborshchikova_github.Bea.Collector.Tests\dnaborshchikova_github.Bea.Collector.Tests.csproj", "{59E67F4B-6D7B-48D3-B8FC-F2A11A1073FB}"
EndProject
Project("{FAE04EC0-301F-11D3-BF4B-00C04F79EFBC}") = "dnaborshchikova_github.Bea.Collector.WorkerService", "WorkerService\dnaborshchikova_github.Bea.Collector.WorkerService.csproj", "{6BD129D9-6BA5-4A70-AB79-28489EF80D5D}"
EndProject
Project("{FAE04EC0-301F-11D3-BF4B-00C04F79EFBC}") = "dnaborshchikova_github.Bea.Collector.DataAccess", "dnaborshchikova_github.Bea.DataAccess\dnaborshchikova_github.Bea.Collector.DataAccess.csproj", "{29B68F4F-0703-4F39-8DDC-93B95B852D80}"
EndProject
Project("{2150E333-8FDC-42A3-9474-1A3956D46DE8}") = "Solution Items", "Solution Items", "{BED989F9-CAEF-4F7C-B017-8A1C186972C9}"
	ProjectSection(SolutionItems) = preProject
		docker-compose.yml = docker-compose.yml
	EndProjectSection
EndProject
Global
	GlobalSection(SolutionConfigurationPlatforms) = preSolution
		Debug|Any CPU = Debug|Any CPU
		Release|Any CPU = Release|Any CPU
	EndGlobalSection
	GlobalSection(ProjectConfigurationPlatforms) = postSolution
		{AC5416B8-F8BB-43D7-998E-566AB20FE6F8}.Debug|Any CPU.ActiveCfg = Debug|Any CPU
		{AC5416B8-F8BB-43D7-998E-566AB20FE6F8}.Debug|Any CPU.Build.0 = Debug|Any CPU
		{AC5416B8-F8BB-43D7-998E-566AB20FE6F8}.Release|Any CPU.ActiveCfg = Release|Any CPU
		{AC5416B8-F8BB-43D7-998E-566AB20FE6F8}.Release|Any CPU.Build.0 = Release|Any CPU
		{BECA5676-BBEB-4B68-8703-64356D8CCF3D}.Debug|Any CPU.ActiveCfg = Debug|Any CPU
		{BECA5676-BBEB-4B68-8703-64356D8CCF3D}.Debug|Any CPU.Build.0 = Debug|Any CPU
		{BECA5676-BBEB-4B68-8703-64356D8CCF3D}.Release|Any CPU.ActiveCfg = Release|Any CPU
		{BECA5676-BBEB-4B68-8703-64356D8CCF3D}.Release|Any CPU.Build.0 = Release|Any CPU
		{9509401A-4F64-4FD6-9DA3-3B96CDBC53AB}.Debug|Any CPU.ActiveCfg = Debug|Any CPU
		{9509401A-4F64-4FD6-9DA3-3B96CDBC53AB}.Debug|Any CPU.Build.0 = Debug|Any CPU
		{9509401A-4F64-4FD6-9DA3-3B96CDBC53AB}.Release|Any CPU.ActiveCfg = Release|Any CPU
		{9509401A-4F64-4FD6-9DA3-3B96CDBC53AB}.Release|Any CPU.Build.0 = Release|Any CPU
		{A08FDA50-D064-467A-B995-2A539810A0CE}.Debug|Any CPU.ActiveCfg = Debug|Any CPU
		{A08FDA50-D064-467A-B995-2A539810A0CE}.Debug|Any CPU.Build.0 = Debug|Any CPU
		{A08FDA50-D064-467A-B995-2A539810A0CE}.Release|Any CPU.ActiveCfg = Release|Any CPU
		{A08FDA50-D064-467A-B995-2A539810A0CE}.Release|Any CPU.Build.0 = Release|Any CPU
		{784F0ED5-D0AB-4A50-9D26-99EFB8F06925}.Debug|Any CPU.ActiveCfg = Debug|Any CPU
		{784F0ED5-D0AB-4A50-9D26-99EFB8F06925}.Debug|Any CPU.Build.0 = Debug|Any CPU
		{784F0ED5-D0AB-4A50-9D26-99EFB8F06925}.Release|Any CPU.ActiveCfg = Release|Any CPU
		{784F0ED5-D0AB-4A50-9D26-99EFB8F06925}.Release|Any CPU.Build.0 = Release|Any CPU
		{3D3CA43F-25C2-48A5-A969-DE6AE4E1388F}.Debug|Any CPU.ActiveCfg = Debug|Any CPU
		{3D3CA43F-25C2-48A5-A969-DE6AE4E1388F}.Debug|Any CPU.Build.0 = Debug|Any CPU
		{3D3CA43F-25C2-48A5-A969-DE6AE4E1388F}.Release|Any CPU.ActiveCfg = Release|Any CPU
		{3D3CA43F-25C2-48A5-A969-DE6AE4E1388F}.Release|Any CPU.Build.0 = Release|Any CPU
		{59E67F4B-6D7B-48D3-B8FC-F2A11A1073FB}.Debug|Any CPU.ActiveCfg = Debug|Any CPU
		{59E67F4B-6D7B-48D3-B8FC-F2A11A1073FB}.Debug|Any CPU.Build.0 = Debug|Any CPU
		{59E67F4B-6D7B-48D3-B8FC-F2A11A1073FB}.Release|Any CPU.ActiveCfg = Release|Any CPU
		{59E67F4B-6D7B-48D3-B8FC-F2A11A1073FB}.Release|Any CPU.Build.0 = Release|Any CPU
		{6BD129D9-6BA5-4A70-AB79-28489EF80D5D}.Debug|Any CPU.ActiveCfg = Debug|Any CPU
		{6BD129D9-6BA5-4A70-AB79-28489EF80D5D}.Debug|Any CPU.Build.0 = Debug|Any CPU
		{6BD129D9-6BA5-4A70-AB79-28489EF80D5D}.Release|Any CPU.ActiveCfg = Release|Any CPU
		{6BD129D9-6BA5-4A70-AB79-28489EF80D5D}.Release|Any CPU.Build.0 = Release|Any CPU
		{29B68F4F-0703-4F39-8DDC-93B95B852D80}.Debug|Any CPU.ActiveCfg = Debug|Any CPU
		{29B68F4F-0703-4F39-8DDC-93B95B852D80}.Debug|Any CPU.Build.0 = Debug|Any CPU
		{29B68F4F-0703-4F39-8DDC-93B95B852D80}.Release|Any CPU.ActiveCfg = Release|Any CPU
		{29B68F4F-0703-4F39-8DDC-93B95B852D80}.Release|Any CPU.Build.0 = Release|Any CPU
	EndGlobalSection
	GlobalSection(SolutionProperties) = preSolution
		HideSolutionNode = FALSE
	EndGlobalSection
	GlobalSection(ExtensibilityGlobals) = postSolution
		SolutionGuid = {C30710D2-3CA0-4E00-9498-6EFA4ADB174B}
	EndGlobalSection
EndGlobal
