
Microsoft Visual Studio Solution File, Format Version 12.00
# Visual Studio Version 17
VisualStudioVersion = 17.14.36327.8
MinimumVisualStudioVersion = 10.0.40219.1
Project("{FAE04EC0-301F-11D3-BF4B-00C04F79EFBC}") = "dnaborshchikova_github.Bea.Collector.CollertorService", "dnaborshchikova_github.Bea.Collector\dnaborshchikova_github.Bea.Collector.CollertorService.csproj", "{AC5416B8-F8BB-43D7-998E-566AB20FE6F8}"
EndProject
Project("{FAE04EC0-301F-11D3-BF4B-00C04F79EFBC}") = "dnaborshchikova_github.Bea.Collector.Generator", "dnaborshchikova_github.Bea.Collector.Generator\dnaborshchikova_github.Bea.Collector.Generator.csproj", "{BECA5676-BBEB-4B68-8703-64356D8CCF3D}"
EndProject
Global
	GlobalSection(SolutionConfigurationPlatforms) = preSolution
		Debug|Any CPU = Debug|Any CPU
		Release|Any CPU = Release|Any CPU
	EndGlobalSection
	GlobalSection(ProjectConfigurationPlatforms) = postSolution
		{AC5416B8-F8BB-43D7-998E-566AB20FE6F8}.Debug|Any CPU.ActiveCfg = Debug|Any CPU
		{AC5416B8-F8BB-43D7-998E-566AB20FE6F8}.Debug|Any CPU.Build.0 = Debug|Any CPU
		{AC5416B8-F8BB-43D7-998E-566AB20FE6F8}.Release|Any CPU.ActiveCfg = Release|Any CPU
		{AC5416B8-F8BB-43D7-998E-566AB20FE6F8}.Release|Any CPU.Build.0 = Release|Any CPU
		{BECA5676-BBEB-4B68-8703-64356D8CCF3D}.Debug|Any CPU.ActiveCfg = Debug|Any CPU
		{BECA5676-BBEB-4B68-8703-64356D8CCF3D}.Debug|Any CPU.Build.0 = Debug|Any CPU
		{BECA5676-BBEB-4B68-8703-64356D8CCF3D}.Release|Any CPU.ActiveCfg = Release|Any CPU
		{BECA5676-BBEB-4B68-8703-64356D8CCF3D}.Release|Any CPU.Build.0 = Release|Any CPU
	EndGlobalSection
	GlobalSection(SolutionProperties) = preSolution
		HideSolutionNode = FALSE
	EndGlobalSection
	GlobalSection(ExtensibilityGlobals) = postSolution
		SolutionGuid = {C30710D2-3CA0-4E00-9498-6EFA4ADB174B}
	EndGlobalSection
EndGlobal
